
Microsoft Visual Studio Solution File, Format Version 12.00
# Visual Studio Version 17
VisualStudioVersion = 17.0.31903.59
MinimumVisualStudioVersion = 10.0.40219.1
Project("{2150E333-8FDC-42A3-9474-1A3956D46DE8}") = "src", "src", "{827E0CD3-B72D-47B6-A68D-7590B98EB39B}"
EndProject
Project("{FAE04EC0-301F-11D3-BF4B-00C04F79EFBC}") = "ECommerce.Domain", "src\ECommerce.Domain\ECommerce.Domain.csproj", "{687F8FA6-429A-4AA6-AEE3-1D51EC71B604}"
EndProject
Project("{FAE04EC0-301F-11D3-BF4B-00C04F79EFBC}") = "ECommerce.Application", "src\ECommerce.Application\ECommerce.Application.csproj", "{3E7F29B6-DCEF-4024-860F-936ABF51D575}"
EndProject
Project("{FAE04EC0-301F-11D3-BF4B-00C04F79EFBC}") = "ECommerce.Infrastructure", "src\ECommerce.Infrastructure\ECommerce.Infrastructure.csproj", "{4D58F051-DF7F-4F63-B494-78F19B74FBD6}"
EndProject
Project("{FAE04EC0-301F-11D3-BF4B-00C04F79EFBC}") = "ECommerce.Api", "src\ECommerce.Api\ECommerce.Api.csproj", "{EE27C1D0-75FF-4D7D-BABE-AAB63324BB09}"
EndProject
Global
	GlobalSection(SolutionConfigurationPlatforms) = preSolution
		Debug|Any CPU = Debug|Any CPU
		Debug|x64 = Debug|x64
		Debug|x86 = Debug|x86
		Release|Any CPU = Release|Any CPU
		Release|x64 = Release|x64
		Release|x86 = Release|x86
	EndGlobalSection
	GlobalSection(ProjectConfigurationPlatforms) = postSolution
		{687F8FA6-429A-4AA6-AEE3-1D51EC71B604}.Debug|Any CPU.ActiveCfg = Debug|Any CPU
		{687F8FA6-429A-4AA6-AEE3-1D51EC71B604}.Debug|Any CPU.Build.0 = Debug|Any CPU
		{687F8FA6-429A-4AA6-AEE3-1D51EC71B604}.Debug|x64.ActiveCfg = Debug|Any CPU
		{687F8FA6-429A-4AA6-AEE3-1D51EC71B604}.Debug|x64.Build.0 = Debug|Any CPU
		{687F8FA6-429A-4AA6-AEE3-1D51EC71B604}.Debug|x86.ActiveCfg = Debug|Any CPU
		{687F8FA6-429A-4AA6-AEE3-1D51EC71B604}.Debug|x86.Build.0 = Debug|Any CPU
		{687F8FA6-429A-4AA6-AEE3-1D51EC71B604}.Release|Any CPU.ActiveCfg = Release|Any CPU
		{687F8FA6-429A-4AA6-AEE3-1D51EC71B604}.Release|Any CPU.Build.0 = Release|Any CPU
		{687F8FA6-429A-4AA6-AEE3-1D51EC71B604}.Release|x64.ActiveCfg = Release|Any CPU
		{687F8FA6-429A-4AA6-AEE3-1D51EC71B604}.Release|x64.Build.0 = Release|Any CPU
		{687F8FA6-429A-4AA6-AEE3-1D51EC71B604}.Release|x86.ActiveCfg = Release|Any CPU
		{687F8FA6-429A-4AA6-AEE3-1D51EC71B604}.Release|x86.Build.0 = Release|Any CPU
		{3E7F29B6-DCEF-4024-860F-936ABF51D575}.Debug|Any CPU.ActiveCfg = Debug|Any CPU
		{3E7F29B6-DCEF-4024-860F-936ABF51D575}.Debug|Any CPU.Build.0 = Debug|Any CPU
		{3E7F29B6-DCEF-4024-860F-936ABF51D575}.Debug|x64.ActiveCfg = Debug|Any CPU
		{3E7F29B6-DCEF-4024-860F-936ABF51D575}.Debug|x64.Build.0 = Debug|Any CPU
		{3E7F29B6-DCEF-4024-860F-936ABF51D575}.Debug|x86.ActiveCfg = Debug|Any CPU
		{3E7F29B6-DCEF-4024-860F-936ABF51D575}.Debug|x86.Build.0 = Debug|Any CPU
		{3E7F29B6-DCEF-4024-860F-936ABF51D575}.Release|Any CPU.ActiveCfg = Release|Any CPU
		{3E7F29B6-DCEF-4024-860F-936ABF51D575}.Release|Any CPU.Build.0 = Release|Any CPU
		{3E7F29B6-DCEF-4024-860F-936ABF51D575}.Release|x64.ActiveCfg = Release|Any CPU
		{3E7F29B6-DCEF-4024-860F-936ABF51D575}.Release|x64.Build.0 = Release|Any CPU
		{3E7F29B6-DCEF-4024-860F-936ABF51D575}.Release|x86.ActiveCfg = Release|Any CPU
		{3E7F29B6-DCEF-4024-860F-936ABF51D575}.Release|x86.Build.0 = Release|Any CPU
		{4D58F051-DF7F-4F63-B494-78F19B74FBD6}.Debug|Any CPU.ActiveCfg = Debug|Any CPU
		{4D58F051-DF7F-4F63-B494-78F19B74FBD6}.Debug|Any CPU.Build.0 = Debug|Any CPU
		{4D58F051-DF7F-4F63-B494-78F19B74FBD6}.Debug|x64.ActiveCfg = Debug|Any CPU
		{4D58F051-DF7F-4F63-B494-78F19B74FBD6}.Debug|x64.Build.0 = Debug|Any CPU
		{4D58F051-DF7F-4F63-B494-78F19B74FBD6}.Debug|x86.ActiveCfg = Debug|Any CPU
		{4D58F051-DF7F-4F63-B494-78F19B74FBD6}.Debug|x86.Build.0 = Debug|Any CPU
		{4D58F051-DF7F-4F63-B494-78F19B74FBD6}.Release|Any CPU.ActiveCfg = Release|Any CPU
		{4D58F051-DF7F-4F63-B494-78F19B74FBD6}.Release|Any CPU.Build.0 = Release|Any CPU
		{4D58F051-DF7F-4F63-B494-78F19B74FBD6}.Release|x64.ActiveCfg = Release|Any CPU
		{4D58F051-DF7F-4F63-B494-78F19B74FBD6}.Release|x64.Build.0 = Release|Any CPU
		{4D58F051-DF7F-4F63-B494-78F19B74FBD6}.Release|x86.ActiveCfg = Release|Any CPU
		{4D58F051-DF7F-4F63-B494-78F19B74FBD6}.Release|x86.Build.0 = Release|Any CPU
		{EE27C1D0-75FF-4D7D-BABE-AAB63324BB09}.Debug|Any CPU.ActiveCfg = Debug|Any CPU
		{EE27C1D0-75FF-4D7D-BABE-AAB63324BB09}.Debug|Any CPU.Build.0 = Debug|Any CPU
		{EE27C1D0-75FF-4D7D-BABE-AAB63324BB09}.Debug|x64.ActiveCfg = Debug|Any CPU
		{EE27C1D0-75FF-4D7D-BABE-AAB63324BB09}.Debug|x64.Build.0 = Debug|Any CPU
		{EE27C1D0-75FF-4D7D-BABE-AAB63324BB09}.Debug|x86.ActiveCfg = Debug|Any CPU
		{EE27C1D0-75FF-4D7D-BABE-AAB63324BB09}.Debug|x86.Build.0 = Debug|Any CPU
		{EE27C1D0-75FF-4D7D-BABE-AAB63324BB09}.Release|Any CPU.ActiveCfg = Release|Any CPU
		{EE27C1D0-75FF-4D7D-BABE-AAB63324BB09}.Release|Any CPU.Build.0 = Release|Any CPU
		{EE27C1D0-75FF-4D7D-BABE-AAB63324BB09}.Release|x64.ActiveCfg = Release|Any CPU
		{EE27C1D0-75FF-4D7D-BABE-AAB63324BB09}.Release|x64.Build.0 = Release|Any CPU
		{EE27C1D0-75FF-4D7D-BABE-AAB63324BB09}.Release|x86.ActiveCfg = Release|Any CPU
		{EE27C1D0-75FF-4D7D-BABE-AAB63324BB09}.Release|x86.Build.0 = Release|Any CPU
	EndGlobalSection
	GlobalSection(SolutionProperties) = preSolution
		HideSolutionNode = FALSE
	EndGlobalSection
	GlobalSection(NestedProjects) = preSolution
		{687F8FA6-429A-4AA6-AEE3-1D51EC71B604} = {827E0CD3-B72D-47B6-A68D-7590B98EB39B}
		{3E7F29B6-DCEF-4024-860F-936ABF51D575} = {827E0CD3-B72D-47B6-A68D-7590B98EB39B}
		{4D58F051-DF7F-4F63-B494-78F19B74FBD6} = {827E0CD3-B72D-47B6-A68D-7590B98EB39B}
		{EE27C1D0-75FF-4D7D-BABE-AAB63324BB09} = {827E0CD3-B72D-47B6-A68D-7590B98EB39B}
	EndGlobalSection
EndGlobal
